// !$*UTF8*$!
{
	archiveVersion = 1;
	classes = {
	};
	objectVersion = 46;
	objects = {

/* Begin PBXBuildFile section */
		C11DE6061F93847500F268BA /* CardLabel.swift in Sources */ = {isa = PBXBuildFile; fileRef = C11DE6051F93847500F268BA /* CardLabel.swift */; };
		C12F04471F8C953E00316006 /* CardSettingTableView.swift in Sources */ = {isa = PBXBuildFile; fileRef = C12F04461F8C953E00316006 /* CardSettingTableView.swift */; };
		C14AFAE91F62DAB300283D9E /* CardContentViewController.swift in Sources */ = {isa = PBXBuildFile; fileRef = C14AFAE81F62DAB300283D9E /* CardContentViewController.swift */; };
		C15059851F9068EB00906142 /* UIFont+Custom.swift in Sources */ = {isa = PBXBuildFile; fileRef = C15059841F9068EB00906142 /* UIFont+Custom.swift */; };
		C191FB4F1F92402B0008BE6F /* SDMiSaeng.ttf in Resources */ = {isa = PBXBuildFile; fileRef = C191FB4E1F9240190008BE6F /* SDMiSaeng.ttf */; };
		C1AA0EDD1F62783600209445 /* AppDelegate.swift in Sources */ = {isa = PBXBuildFile; fileRef = C1AA0EDC1F62783600209445 /* AppDelegate.swift */; };
		C1AA0EDF1F62783600209445 /* ViewController.swift in Sources */ = {isa = PBXBuildFile; fileRef = C1AA0EDE1F62783600209445 /* ViewController.swift */; };
		C1AA0EE21F62783600209445 /* Main.storyboard in Resources */ = {isa = PBXBuildFile; fileRef = C1AA0EE01F62783600209445 /* Main.storyboard */; };
		C1AA0EE41F62783600209445 /* Assets.xcassets in Resources */ = {isa = PBXBuildFile; fileRef = C1AA0EE31F62783600209445 /* Assets.xcassets */; };
		C1AA0EE71F62783600209445 /* LaunchScreen.storyboard in Resources */ = {isa = PBXBuildFile; fileRef = C1AA0EE51F62783600209445 /* LaunchScreen.storyboard */; };
		C1AA0EF21F62783600209445 /* CaNewTests.swift in Sources */ = {isa = PBXBuildFile; fileRef = C1AA0EF11F62783600209445 /* CaNewTests.swift */; };
		C1AA0EFD1F62783600209445 /* CaNewUITests.swift in Sources */ = {isa = PBXBuildFile; fileRef = C1AA0EFC1F62783600209445 /* CaNewUITests.swift */; };
/* End PBXBuildFile section */

/* Begin PBXContainerItemProxy section */
		C1AA0EEE1F62783600209445 /* PBXContainerItemProxy */ = {
			isa = PBXContainerItemProxy;
			containerPortal = C1AA0ED11F62783600209445 /* Project object */;
			proxyType = 1;
			remoteGlobalIDString = C1AA0ED81F62783600209445;
			remoteInfo = CaNew;
		};
		C1AA0EF91F62783600209445 /* PBXContainerItemProxy */ = {
			isa = PBXContainerItemProxy;
			containerPortal = C1AA0ED11F62783600209445 /* Project object */;
			proxyType = 1;
			remoteGlobalIDString = C1AA0ED81F62783600209445;
			remoteInfo = CaNew;
		};
/* End PBXContainerItemProxy section */

/* Begin PBXFileReference section */
		C11DE6051F93847500F268BA /* CardLabel.swift */ = {isa = PBXFileReference; lastKnownFileType = sourcecode.swift; path = CardLabel.swift; sourceTree = "<group>"; };
		C12F04461F8C953E00316006 /* CardSettingTableView.swift */ = {isa = PBXFileReference; lastKnownFileType = sourcecode.swift; path = CardSettingTableView.swift; sourceTree = "<group>"; };
		C14AFAE81F62DAB300283D9E /* CardContentViewController.swift */ = {isa = PBXFileReference; fileEncoding = 4; lastKnownFileType = sourcecode.swift; path = CardContentViewController.swift; sourceTree = "<group>"; };
		C15059841F9068EB00906142 /* UIFont+Custom.swift */ = {isa = PBXFileReference; lastKnownFileType = sourcecode.swift; path = "UIFont+Custom.swift"; sourceTree = "<group>"; };
		C191FB4E1F9240190008BE6F /* SDMiSaeng.ttf */ = {isa = PBXFileReference; lastKnownFileType = file; path = SDMiSaeng.ttf; sourceTree = "<group>"; };
		C1AA0ED91F62783600209445 /* CaNew.app */ = {isa = PBXFileReference; explicitFileType = wrapper.application; includeInIndex = 0; path = CaNew.app; sourceTree = BUILT_PRODUCTS_DIR; };
		C1AA0EDC1F62783600209445 /* AppDelegate.swift */ = {isa = PBXFileReference; lastKnownFileType = sourcecode.swift; path = AppDelegate.swift; sourceTree = "<group>"; };
		C1AA0EDE1F62783600209445 /* ViewController.swift */ = {isa = PBXFileReference; lastKnownFileType = sourcecode.swift; path = ViewController.swift; sourceTree = "<group>"; };
		C1AA0EE11F62783600209445 /* Base */ = {isa = PBXFileReference; lastKnownFileType = file.storyboard; name = Base; path = Base.lproj/Main.storyboard; sourceTree = "<group>"; };
		C1AA0EE31F62783600209445 /* Assets.xcassets */ = {isa = PBXFileReference; lastKnownFileType = folder.assetcatalog; path = Assets.xcassets; sourceTree = "<group>"; };
		C1AA0EE61F62783600209445 /* Base */ = {isa = PBXFileReference; lastKnownFileType = file.storyboard; name = Base; path = Base.lproj/LaunchScreen.storyboard; sourceTree = "<group>"; };
		C1AA0EE81F62783600209445 /* Info.plist */ = {isa = PBXFileReference; lastKnownFileType = text.plist.xml; path = Info.plist; sourceTree = "<group>"; };
		C1AA0EED1F62783600209445 /* CaNewTests.xctest */ = {isa = PBXFileReference; explicitFileType = wrapper.cfbundle; includeInIndex = 0; path = CaNewTests.xctest; sourceTree = BUILT_PRODUCTS_DIR; };
		C1AA0EF11F62783600209445 /* CaNewTests.swift */ = {isa = PBXFileReference; lastKnownFileType = sourcecode.swift; path = CaNewTests.swift; sourceTree = "<group>"; };
		C1AA0EF31F62783600209445 /* Info.plist */ = {isa = PBXFileReference; lastKnownFileType = text.plist.xml; path = Info.plist; sourceTree = "<group>"; };
		C1AA0EF81F62783600209445 /* CaNewUITests.xctest */ = {isa = PBXFileReference; explicitFileType = wrapper.cfbundle; includeInIndex = 0; path = CaNewUITests.xctest; sourceTree = BUILT_PRODUCTS_DIR; };
		C1AA0EFC1F62783600209445 /* CaNewUITests.swift */ = {isa = PBXFileReference; lastKnownFileType = sourcecode.swift; path = CaNewUITests.swift; sourceTree = "<group>"; };
		C1AA0EFE1F62783600209445 /* Info.plist */ = {isa = PBXFileReference; lastKnownFileType = text.plist.xml; path = Info.plist; sourceTree = "<group>"; };
/* End PBXFileReference section */

/* Begin PBXFrameworksBuildPhase section */
		C1AA0ED61F62783600209445 /* Frameworks */ = {
			isa = PBXFrameworksBuildPhase;
			buildActionMask = 2147483647;
			files = (
			);
			runOnlyForDeploymentPostprocessing = 0;
		};
		C1AA0EEA1F62783600209445 /* Frameworks */ = {
			isa = PBXFrameworksBuildPhase;
			buildActionMask = 2147483647;
			files = (
			);
			runOnlyForDeploymentPostprocessing = 0;
		};
		C1AA0EF51F62783600209445 /* Frameworks */ = {
			isa = PBXFrameworksBuildPhase;
			buildActionMask = 2147483647;
			files = (
			);
			runOnlyForDeploymentPostprocessing = 0;
		};
/* End PBXFrameworksBuildPhase section */

/* Begin PBXGroup section */
		C1AA0ED01F62783600209445 = {
			isa = PBXGroup;
			children = (
				C1AA0EDB1F62783600209445 /* CaNew */,
				C1AA0EF01F62783600209445 /* CaNewTests */,
				C1AA0EFB1F62783600209445 /* CaNewUITests */,
				C1AA0EDA1F62783600209445 /* Products */,
			);
			sourceTree = "<group>";
		};
		C1AA0EDA1F62783600209445 /* Products */ = {
			isa = PBXGroup;
			children = (
				C1AA0ED91F62783600209445 /* CaNew.app */,
				C1AA0EED1F62783600209445 /* CaNewTests.xctest */,
				C1AA0EF81F62783600209445 /* CaNewUITests.xctest */,
			);
			name = Products;
			sourceTree = "<group>";
		};
		C1AA0EDB1F62783600209445 /* CaNew */ = {
			isa = PBXGroup;
			children = (
				C191FB4E1F9240190008BE6F /* SDMiSaeng.ttf */,
				C1AA0EDC1F62783600209445 /* AppDelegate.swift */,
				C15059841F9068EB00906142 /* UIFont+Custom.swift */,
				C1AA0EDE1F62783600209445 /* ViewController.swift */,
				C12F04461F8C953E00316006 /* CardSettingTableView.swift */,
				C14AFAE81F62DAB300283D9E /* CardContentViewController.swift */,
				C11DE6051F93847500F268BA /* CardLabel.swift */,
				C1AA0EE01F62783600209445 /* Main.storyboard */,
				C1AA0EE31F62783600209445 /* Assets.xcassets */,
				C1AA0EE51F62783600209445 /* LaunchScreen.storyboard */,
				C1AA0EE81F62783600209445 /* Info.plist */,
			);
			path = CaNew;
			sourceTree = "<group>";
		};
		C1AA0EF01F62783600209445 /* CaNewTests */ = {
			isa = PBXGroup;
			children = (
				C1AA0EF11F62783600209445 /* CaNewTests.swift */,
				C1AA0EF31F62783600209445 /* Info.plist */,
			);
			path = CaNewTests;
			sourceTree = "<group>";
		};
		C1AA0EFB1F62783600209445 /* CaNewUITests */ = {
			isa = PBXGroup;
			children = (
				C1AA0EFC1F62783600209445 /* CaNewUITests.swift */,
				C1AA0EFE1F62783600209445 /* Info.plist */,
			);
			path = CaNewUITests;
			sourceTree = "<group>";
		};
/* End PBXGroup section */

/* Begin PBXNativeTarget section */
		C1AA0ED81F62783600209445 /* CaNew */ = {
			isa = PBXNativeTarget;
			buildConfigurationList = C1AA0F011F62783600209445 /* Build configuration list for PBXNativeTarget "CaNew" */;
			buildPhases = (
				C1AA0ED51F62783600209445 /* Sources */,
				C1AA0ED61F62783600209445 /* Frameworks */,
				C1AA0ED71F62783600209445 /* Resources */,
			);
			buildRules = (
			);
			dependencies = (
			);
			name = CaNew;
			productName = CaNew;
			productReference = C1AA0ED91F62783600209445 /* CaNew.app */;
			productType = "com.apple.product-type.application";
		};
		C1AA0EEC1F62783600209445 /* CaNewTests */ = {
			isa = PBXNativeTarget;
			buildConfigurationList = C1AA0F041F62783600209445 /* Build configuration list for PBXNativeTarget "CaNewTests" */;
			buildPhases = (
				C1AA0EE91F62783600209445 /* Sources */,
				C1AA0EEA1F62783600209445 /* Frameworks */,
				C1AA0EEB1F62783600209445 /* Resources */,
			);
			buildRules = (
			);
			dependencies = (
				C1AA0EEF1F62783600209445 /* PBXTargetDependency */,
			);
			name = CaNewTests;
			productName = CaNewTests;
			productReference = C1AA0EED1F62783600209445 /* CaNewTests.xctest */;
			productType = "com.apple.product-type.bundle.unit-test";
		};
		C1AA0EF71F62783600209445 /* CaNewUITests */ = {
			isa = PBXNativeTarget;
			buildConfigurationList = C1AA0F071F62783600209445 /* Build configuration list for PBXNativeTarget "CaNewUITests" */;
			buildPhases = (
				C1AA0EF41F62783600209445 /* Sources */,
				C1AA0EF51F62783600209445 /* Frameworks */,
				C1AA0EF61F62783600209445 /* Resources */,
			);
			buildRules = (
			);
			dependencies = (
				C1AA0EFA1F62783600209445 /* PBXTargetDependency */,
			);
			name = CaNewUITests;
			productName = CaNewUITests;
			productReference = C1AA0EF81F62783600209445 /* CaNewUITests.xctest */;
			productType = "com.apple.product-type.bundle.ui-testing";
		};
/* End PBXNativeTarget section */

/* Begin PBXProject section */
		C1AA0ED11F62783600209445 /* Project object */ = {
			isa = PBXProject;
			attributes = {
				LastSwiftUpdateCheck = 0830;
				LastUpgradeCheck = 0830;
				ORGANIZATIONNAME = "홍성호";
				TargetAttributes = {
					C1AA0ED81F62783600209445 = {
						CreatedOnToolsVersion = 8.3.3;
						DevelopmentTeam = T5T6697UB7;
						ProvisioningStyle = Automatic;
					};
					C1AA0EEC1F62783600209445 = {
						CreatedOnToolsVersion = 8.3.3;
						DevelopmentTeam = T5T6697UB7;
						ProvisioningStyle = Automatic;
						TestTargetID = C1AA0ED81F62783600209445;
					};
					C1AA0EF71F62783600209445 = {
						CreatedOnToolsVersion = 8.3.3;
						DevelopmentTeam = T5T6697UB7;
						ProvisioningStyle = Automatic;
						TestTargetID = C1AA0ED81F62783600209445;
					};
				};
			};
			buildConfigurationList = C1AA0ED41F62783600209445 /* Build configuration list for PBXProject "CaNew" */;
			compatibilityVersion = "Xcode 3.2";
			developmentRegion = English;
			hasScannedForEncodings = 0;
			knownRegions = (
				en,
				Base,
			);
			mainGroup = C1AA0ED01F62783600209445;
			productRefGroup = C1AA0EDA1F62783600209445 /* Products */;
			projectDirPath = "";
			projectRoot = "";
			targets = (
				C1AA0ED81F62783600209445 /* CaNew */,
				C1AA0EEC1F62783600209445 /* CaNewTests */,
				C1AA0EF71F62783600209445 /* CaNewUITests */,
			);
		};
/* End PBXProject section */

/* Begin PBXResourcesBuildPhase section */
		C1AA0ED71F62783600209445 /* Resources */ = {
			isa = PBXResourcesBuildPhase;
			buildActionMask = 2147483647;
			files = (
				C191FB4F1F92402B0008BE6F /* SDMiSaeng.ttf in Resources */,
				C1AA0EE71F62783600209445 /* LaunchScreen.storyboard in Resources */,
				C1AA0EE41F62783600209445 /* Assets.xcassets in Resources */,
				C1AA0EE21F62783600209445 /* Main.storyboard in Resources */,
			);
			runOnlyForDeploymentPostprocessing = 0;
		};
		C1AA0EEB1F62783600209445 /* Resources */ = {
			isa = PBXResourcesBuildPhase;
			buildActionMask = 2147483647;
			files = (
			);
			runOnlyForDeploymentPostprocessing = 0;
		};
		C1AA0EF61F62783600209445 /* Resources */ = {
			isa = PBXResourcesBuildPhase;
			buildActionMask = 2147483647;
			files = (
			);
			runOnlyForDeploymentPostprocessing = 0;
		};
/* End PBXResourcesBuildPhase section */

/* Begin PBXSourcesBuildPhase section */
		C1AA0ED51F62783600209445 /* Sources */ = {
			isa = PBXSourcesBuildPhase;
			buildActionMask = 2147483647;
			files = (
				C14AFAE91F62DAB300283D9E /* CardContentViewController.swift in Sources */,
				C1AA0EDF1F62783600209445 /* ViewController.swift in Sources */,
				C11DE6061F93847500F268BA /* CardLabel.swift in Sources */,
				C1AA0EDD1F62783600209445 /* AppDelegate.swift in Sources */,
				C15059851F9068EB00906142 /* UIFont+Custom.swift in Sources */,
				C12F04471F8C953E00316006 /* CardSettingTableView.swift in Sources */,
			);
			runOnlyForDeploymentPostprocessing = 0;
		};
		C1AA0EE91F62783600209445 /* Sources */ = {
			isa = PBXSourcesBuildPhase;
			buildActionMask = 2147483647;
			files = (
				C1AA0EF21F62783600209445 /* CaNewTests.swift in Sources */,
			);
			runOnlyForDeploymentPostprocessing = 0;
		};
		C1AA0EF41F62783600209445 /* Sources */ = {
			isa = PBXSourcesBuildPhase;
			buildActionMask = 2147483647;
			files = (
				C1AA0EFD1F62783600209445 /* CaNewUITests.swift in Sources */,
			);
			runOnlyForDeploymentPostprocessing = 0;
		};
/* End PBXSourcesBuildPhase section */

/* Begin PBXTargetDependency section */
		C1AA0EEF1F62783600209445 /* PBXTargetDependency */ = {
			isa = PBXTargetDependency;
			target = C1AA0ED81F62783600209445 /* CaNew */;
			targetProxy = C1AA0EEE1F62783600209445 /* PBXContainerItemProxy */;
		};
		C1AA0EFA1F62783600209445 /* PBXTargetDependency */ = {
			isa = PBXTargetDependency;
			target = C1AA0ED81F62783600209445 /* CaNew */;
			targetProxy = C1AA0EF91F62783600209445 /* PBXContainerItemProxy */;
		};
/* End PBXTargetDependency section */

/* Begin PBXVariantGroup section */
		C1AA0EE01F62783600209445 /* Main.storyboard */ = {
			isa = PBXVariantGroup;
			children = (
				C1AA0EE11F62783600209445 /* Base */,
			);
			name = Main.storyboard;
			sourceTree = "<group>";
		};
		C1AA0EE51F62783600209445 /* LaunchScreen.storyboard */ = {
			isa = PBXVariantGroup;
			children = (
				C1AA0EE61F62783600209445 /* Base */,
			);
			name = LaunchScreen.storyboard;
			sourceTree = "<group>";
		};
/* End PBXVariantGroup section */

/* Begin XCBuildConfiguration section */
		C1AA0EFF1F62783600209445 /* Debug */ = {
			isa = XCBuildConfiguration;
			buildSettings = {
				ALWAYS_SEARCH_USER_PATHS = NO;
				CLANG_ANALYZER_NONNULL = YES;
				CLANG_ANALYZER_NUMBER_OBJECT_CONVERSION = YES_AGGRESSIVE;
				CLANG_CXX_LANGUAGE_STANDARD = "gnu++0x";
				CLANG_CXX_LIBRARY = "libc++";
				CLANG_ENABLE_MODULES = YES;
				CLANG_ENABLE_OBJC_ARC = YES;
				CLANG_WARN_BOOL_CONVERSION = YES;
				CLANG_WARN_CONSTANT_CONVERSION = YES;
				CLANG_WARN_DIRECT_OBJC_ISA_USAGE = YES_ERROR;
				CLANG_WARN_DOCUMENTATION_COMMENTS = YES;
				CLANG_WARN_EMPTY_BODY = YES;
				CLANG_WARN_ENUM_CONVERSION = YES;
				CLANG_WARN_INFINITE_RECURSION = YES;
				CLANG_WARN_INT_CONVERSION = YES;
				CLANG_WARN_OBJC_ROOT_CLASS = YES_ERROR;
				CLANG_WARN_SUSPICIOUS_MOVE = YES;
				CLANG_WARN_UNREACHABLE_CODE = YES;
				CLANG_WARN__DUPLICATE_METHOD_MATCH = YES;
				"CODE_SIGN_IDENTITY[sdk=iphoneos*]" = "iPhone Developer";
				COPY_PHASE_STRIP = NO;
				DEBUG_INFORMATION_FORMAT = dwarf;
				ENABLE_STRICT_OBJC_MSGSEND = YES;
				ENABLE_TESTABILITY = YES;
				GCC_C_LANGUAGE_STANDARD = gnu99;
				GCC_DYNAMIC_NO_PIC = NO;
				GCC_NO_COMMON_BLOCKS = YES;
				GCC_OPTIMIZATION_LEVEL = 0;
				GCC_PREPROCESSOR_DEFINITIONS = (
					"DEBUG=1",
					"$(inherited)",
				);
				GCC_WARN_64_TO_32_BIT_CONVERSION = YES;
				GCC_WARN_ABOUT_RETURN_TYPE = YES_ERROR;
				GCC_WARN_UNDECLARED_SELECTOR = YES;
				GCC_WARN_UNINITIALIZED_AUTOS = YES_AGGRESSIVE;
				GCC_WARN_UNUSED_FUNCTION = YES;
				GCC_WARN_UNUSED_VARIABLE = YES;
				IPHONEOS_DEPLOYMENT_TARGET = 10.3;
				MTL_ENABLE_DEBUG_INFO = YES;
				ONLY_ACTIVE_ARCH = YES;
				SDKROOT = iphoneos;
				SWIFT_ACTIVE_COMPILATION_CONDITIONS = DEBUG;
				SWIFT_OPTIMIZATION_LEVEL = "-Onone";
				TARGETED_DEVICE_FAMILY = "1,2";
			};
			name = Debug;
		};
		C1AA0F001F62783600209445 /* Release */ = {
			isa = XCBuildConfiguration;
			buildSettings = {
				ALWAYS_SEARCH_USER_PATHS = NO;
				CLANG_ANALYZER_NONNULL = YES;
				CLANG_ANALYZER_NUMBER_OBJECT_CONVERSION = YES_AGGRESSIVE;
				CLANG_CXX_LANGUAGE_STANDARD = "gnu++0x";
				CLANG_CXX_LIBRARY = "libc++";
				CLANG_ENABLE_MODULES = YES;
				CLANG_ENABLE_OBJC_ARC = YES;
				CLANG_WARN_BOOL_CONVERSION = YES;
				CLANG_WARN_CONSTANT_CONVERSION = YES;
				CLANG_WARN_DIRECT_OBJC_ISA_USAGE = YES_ERROR;
				CLANG_WARN_DOCUMENTATION_COMMENTS = YES;
				CLANG_WARN_EMPTY_BODY = YES;
				CLANG_WARN_ENUM_CONVERSION = YES;
				CLANG_WARN_INFINITE_RECURSION = YES;
				CLANG_WARN_INT_CONVERSION = YES;
				CLANG_WARN_OBJC_ROOT_CLASS = YES_ERROR;
				CLANG_WARN_SUSPICIOUS_MOVE = YES;
				CLANG_WARN_UNREACHABLE_CODE = YES;
				CLANG_WARN__DUPLICATE_METHOD_MATCH = YES;
				"CODE_SIGN_IDENTITY[sdk=iphoneos*]" = "iPhone Developer";
				COPY_PHASE_STRIP = NO;
				DEBUG_INFORMATION_FORMAT = "dwarf-with-dsym";
				ENABLE_NS_ASSERTIONS = NO;
				ENABLE_STRICT_OBJC_MSGSEND = YES;
				GCC_C_LANGUAGE_STANDARD = gnu99;
				GCC_NO_COMMON_BLOCKS = YES;
				GCC_WARN_64_TO_32_BIT_CONVERSION = YES;
				GCC_WARN_ABOUT_RETURN_TYPE = YES_ERROR;
				GCC_WARN_UNDECLARED_SELECTOR = YES;
				GCC_WARN_UNINITIALIZED_AUTOS = YES_AGGRESSIVE;
				GCC_WARN_UNUSED_FUNCTION = YES;
				GCC_WARN_UNUSED_VARIABLE = YES;
				IPHONEOS_DEPLOYMENT_TARGET = 10.3;
				MTL_ENABLE_DEBUG_INFO = NO;
				SDKROOT = iphoneos;
				SWIFT_OPTIMIZATION_LEVEL = "-Owholemodule";
				TARGETED_DEVICE_FAMILY = "1,2";
				VALIDATE_PRODUCT = YES;
			};
			name = Release;
		};
		C1AA0F021F62783600209445 /* Debug */ = {
			isa = XCBuildConfiguration;
			buildSettings = {
				ASSETCATALOG_COMPILER_APPICON_NAME = AppIcon;
				DEVELOPMENT_TEAM = T5T6697UB7;
				INFOPLIST_FILE = CaNew/Info.plist;
				LD_RUNPATH_SEARCH_PATHS = "$(inherited) @executable_path/Frameworks";
				PRODUCT_BUNDLE_IDENTIFIER = com.softhong.CaNew;
				PRODUCT_NAME = "$(TARGET_NAME)";
				SWIFT_VERSION = 3.0;
			};
			name = Debug;
		};
		C1AA0F031F62783600209445 /* Release */ = {
			isa = XCBuildConfiguration;
			buildSettings = {
				ASSETCATALOG_COMPILER_APPICON_NAME = AppIcon;
				DEVELOPMENT_TEAM = T5T6697UB7;
				INFOPLIST_FILE = CaNew/Info.plist;
				LD_RUNPATH_SEARCH_PATHS = "$(inherited) @executable_path/Frameworks";
				PRODUCT_BUNDLE_IDENTIFIER = com.softhong.CaNew;
				PRODUCT_NAME = "$(TARGET_NAME)";
				SWIFT_VERSION = 3.0;
			};
			name = Release;
		};
		C1AA0F051F62783600209445 /* Debug */ = {
			isa = XCBuildConfiguration;
			buildSettings = {
				ALWAYS_EMBED_SWIFT_STANDARD_LIBRARIES = YES;
				BUNDLE_LOADER = "$(TEST_HOST)";
				DEVELOPMENT_TEAM = T5T6697UB7;
				INFOPLIST_FILE = CaNewTests/Info.plist;
				LD_RUNPATH_SEARCH_PATHS = "$(inherited) @executable_path/Frameworks @loader_path/Frameworks";
				PRODUCT_BUNDLE_IDENTIFIER = com.softhong.CaNewTests;
				PRODUCT_NAME = "$(TARGET_NAME)";
				SWIFT_VERSION = 3.0;
				TEST_HOST = "$(BUILT_PRODUCTS_DIR)/CaNew.app/CaNew";
			};
			name = Debug;
		};
		C1AA0F061F62783600209445 /* Release */ = {
			isa = XCBuildConfiguration;
			buildSettings = {
				ALWAYS_EMBED_SWIFT_STANDARD_LIBRARIES = YES;
				BUNDLE_LOADER = "$(TEST_HOST)";
				DEVELOPMENT_TEAM = T5T6697UB7;
				INFOPLIST_FILE = CaNewTests/Info.plist;
				LD_RUNPATH_SEARCH_PATHS = "$(inherited) @executable_path/Frameworks @loader_path/Frameworks";
				PRODUCT_BUNDLE_IDENTIFIER = com.softhong.CaNewTests;
				PRODUCT_NAME = "$(TARGET_NAME)";
				SWIFT_VERSION = 3.0;
				TEST_HOST = "$(BUILT_PRODUCTS_DIR)/CaNew.app/CaNew";
			};
			name = Release;
		};
		C1AA0F081F62783600209445 /* Debug */ = {
			isa = XCBuildConfiguration;
			buildSettings = {
				ALWAYS_EMBED_SWIFT_STANDARD_LIBRARIES = YES;
				DEVELOPMENT_TEAM = T5T6697UB7;
				INFOPLIST_FILE = CaNewUITests/Info.plist;
				LD_RUNPATH_SEARCH_PATHS = "$(inherited) @executable_path/Frameworks @loader_path/Frameworks";
				PRODUCT_BUNDLE_IDENTIFIER = com.softhong.CaNewUITests;
				PRODUCT_NAME = "$(TARGET_NAME)";
				SWIFT_VERSION = 3.0;
				TEST_TARGET_NAME = CaNew;
			};
			name = Debug;
		};
		C1AA0F091F62783600209445 /* Release */ = {
			isa = XCBuildConfiguration;
			buildSettings = {
				ALWAYS_EMBED_SWIFT_STANDARD_LIBRARIES = YES;
				DEVELOPMENT_TEAM = T5T6697UB7;
				INFOPLIST_FILE = CaNewUITests/Info.plist;
				LD_RUNPATH_SEARCH_PATHS = "$(inherited) @executable_path/Frameworks @loader_path/Frameworks";
				PRODUCT_BUNDLE_IDENTIFIER = com.softhong.CaNewUITests;
				PRODUCT_NAME = "$(TARGET_NAME)";
				SWIFT_VERSION = 3.0;
				TEST_TARGET_NAME = CaNew;
			};
			name = Release;
		};
/* End XCBuildConfiguration section */

/* Begin XCConfigurationList section */
		C1AA0ED41F62783600209445 /* Build configuration list for PBXProject "CaNew" */ = {
			isa = XCConfigurationList;
			buildConfigurations = (
				C1AA0EFF1F62783600209445 /* Debug */,
				C1AA0F001F62783600209445 /* Release */,
			);
			defaultConfigurationIsVisible = 0;
			defaultConfigurationName = Release;
		};
		C1AA0F011F62783600209445 /* Build configuration list for PBXNativeTarget "CaNew" */ = {
			isa = XCConfigurationList;
			buildConfigurations = (
				C1AA0F021F62783600209445 /* Debug */,
				C1AA0F031F62783600209445 /* Release */,
			);
			defaultConfigurationIsVisible = 0;
			defaultConfigurationName = Release;
		};
		C1AA0F041F62783600209445 /* Build configuration list for PBXNativeTarget "CaNewTests" */ = {
			isa = XCConfigurationList;
			buildConfigurations = (
				C1AA0F051F62783600209445 /* Debug */,
				C1AA0F061F62783600209445 /* Release */,
			);
			defaultConfigurationIsVisible = 0;
			defaultConfigurationName = Release;
		};
		C1AA0F071F62783600209445 /* Build configuration list for PBXNativeTarget "CaNewUITests" */ = {
			isa = XCConfigurationList;
			buildConfigurations = (
				C1AA0F081F62783600209445 /* Debug */,
				C1AA0F091F62783600209445 /* Release */,
			);
			defaultConfigurationIsVisible = 0;
			defaultConfigurationName = Release;
		};
/* End XCConfigurationList section */
	};
	rootObject = C1AA0ED11F62783600209445 /* Project object */;
}
